kind: env
id: env.payments-down
version: 1.0.0
stack: any
title: Payments provider is slow or down
summary: Starts the payments stub with a 30 second response delay, as if the provider were hanging.
category: env
skills:
  - resilience
requires:
  - svc:payments-stub
provides:
  - env:payments-latency
env:
  supervisor:
    - PAYMENTS_STUB_LATENCY_MS=30000
